
Microsoft Visual Studio Solution File, Format Version 12.00
# Visual Studio Version 17
VisualStudioVersion = 17.13.35913.81 d17.13
MinimumVisualStudioVersion = 10.0.40219.1
Project("{FAE04EC0-301F-11D3-BF4B-00C04F79EFBC}") = "PortfolioWebsite", "PortfolioWebsite\PortfolioWebsite.csproj", "{65674F95-8E89-4AA3-9F06-B01BB6CBBB15}"
EndProject
Global
	GlobalSection(SolutionConfigurationPlatforms) = preSolution
		Debug|Any CPU = Debug|Any CPU
		Release|Any CPU = Release|Any CPU
	EndGlobalSection
	GlobalSection(ProjectConfigurationPlatforms) = postSolution
		{65674F95-8E89-4AA3-9F06-B01BB6CBBB15}.Debug|Any CPU.ActiveCfg = Debug|Any CPU
		{65674F95-8E89-4AA3-9F06-B01BB6CBBB15}.Debug|Any CPU.Build.0 = Debug|Any CPU
		{65674F95-8E89-4AA3-9F06-B01BB6CBBB15}.Release|Any CPU.ActiveCfg = Release|Any CPU
		{65674F95-8E89-4AA3-9F06-B01BB6CBBB15}.Release|Any CPU.Build.0 = Release|Any CPU
	EndGlobalSection
	GlobalSection(SolutionProperties) = preSolution
		HideSolutionNode = FALSE
	EndGlobalSection
	GlobalSection(ExtensibilityGlobals) = postSolution
		SolutionGuid = {B9635FB6-6CA2-4A45-A4F1-727534A7480E}
	EndGlobalSection
EndGlobal
